
Microsoft Visual Studio Solution File, Format Version 12.00
# Visual Studio 15
VisualStudioVersion = 15.0.26730.16
MinimumVisualStudioVersion = 10.0.40219.1
Project("{FAE04EC0-301F-11D3-BF4B-00C04F79EFBC}") = "DelegateEvento", "DelegateEvento\DelegateEvento.csproj", "{5D611A82-7811-4702-8EB8-4C8B6402787F}"
EndProject
Global
	GlobalSection(SolutionConfigurationPlatforms) = preSolution
		Debug|Any CPU = Debug|Any CPU
		Release|Any CPU = Release|Any CPU
	EndGlobalSection
	GlobalSection(ProjectConfigurationPlatforms) = postSolution
		{5D611A82-7811-4702-8EB8-4C8B6402787F}.Debug|Any CPU.ActiveCfg = Debug|Any CPU
		{5D611A82-7811-4702-8EB8-4C8B6402787F}.Debug|Any CPU.Build.0 = Debug|Any CPU
		{5D611A82-7811-4702-8EB8-4C8B6402787F}.Release|Any CPU.ActiveCfg = Release|Any CPU
		{5D611A82-7811-4702-8EB8-4C8B6402787F}.Release|Any CPU.Build.0 = Release|Any CPU
	EndGlobalSection
	GlobalSection(SolutionProperties) = preSolution
		HideSolutionNode = FALSE
	EndGlobalSection
	GlobalSection(ExtensibilityGlobals) = postSolution
		SolutionGuid = {077B9237-F657-4572-9161-9AC2AAC8768D}
	EndGlobalSection
EndGlobal
